// !$*UTF8*$!
{
	archiveVersion = 1;
	classes = {
	};
	objectVersion = 50;
	objects = {

/* Begin PBXBuildFile section */
		6A02F3DB217B802400A42ACC /* UserModelCallback.swift in Sources */ = {isa = PBXBuildFile; fileRef = 6A02F3DA217B802400A42ACC /* UserModelCallback.swift */; };
		6AFA6ADE217A2D21005D3883 /* AppDelegate.swift in Sources */ = {isa = PBXBuildFile; fileRef = 6AFA6ADD217A2D21005D3883 /* AppDelegate.swift */; };
		6AFA6AE0217A2D21005D3883 /* HomeViewController.swift in Sources */ = {isa = PBXBuildFile; fileRef = 6AFA6ADF217A2D21005D3883 /* HomeViewController.swift */; };
		6AFA6AE3217A2D21005D3883 /* Main.storyboard in Resources */ = {isa = PBXBuildFile; fileRef = 6AFA6AE1217A2D21005D3883 /* Main.storyboard */; };
		6AFA6AE6217A2D21005D3883 /* SampleCoreData.xcdatamodeld in Sources */ = {isa = PBXBuildFile; fileRef = 6AFA6AE4217A2D21005D3883 /* SampleCoreData.xcdatamodeld */; };
		6AFA6AE8217A2D23005D3883 /* Assets.xcassets in Resources */ = {isa = PBXBuildFile; fileRef = 6AFA6AE7217A2D23005D3883 /* Assets.xcassets */; };
		6AFA6AEB217A2D23005D3883 /* LaunchScreen.storyboard in Resources */ = {isa = PBXBuildFile; fileRef = 6AFA6AE9217A2D23005D3883 /* LaunchScreen.storyboard */; };
		6AFA6AF5217A3D21005D3883 /* AddUserViewController.swift in Sources */ = {isa = PBXBuildFile; fileRef = 6AFA6AF4217A3D21005D3883 /* AddUserViewController.swift */; };
		6AFA6AF7217A3D3A005D3883 /* UserDetailViewController.swift in Sources */ = {isa = PBXBuildFile; fileRef = 6AFA6AF6217A3D3A005D3883 /* UserDetailViewController.swift */; };
		6AFA6AFF217A3E63005D3883 /* UserTableViewCell.swift in Sources */ = {isa = PBXBuildFile; fileRef = 6AFA6AFD217A3E63005D3883 /* UserTableViewCell.swift */; };
		6AFA6B00217A3E63005D3883 /* UserTableViewCell.xib in Resources */ = {isa = PBXBuildFile; fileRef = 6AFA6AFE217A3E63005D3883 /* UserTableViewCell.xib */; };
		6AFFB8AE217A415E005B6419 /* UserListDataSource.swift in Sources */ = {isa = PBXBuildFile; fileRef = 6AFFB8AD217A415E005B6419 /* UserListDataSource.swift */; };
		6AFFB8B0217A41AB005B6419 /* UserData.swift in Sources */ = {isa = PBXBuildFile; fileRef = 6AFFB8AF217A41AB005B6419 /* UserData.swift */; };
		6AFFB8B5217A686B005B6419 /* UserModel.swift in Sources */ = {isa = PBXBuildFile; fileRef = 6AFFB8B4217A686B005B6419 /* UserModel.swift */; };
		6AFFB8B7217A688A005B6419 /* HomePresenter.swift in Sources */ = {isa = PBXBuildFile; fileRef = 6AFFB8B6217A688A005B6419 /* HomePresenter.swift */; };
		6AFFB8B9217A68B6005B6419 /* AddUserPresenter.swift in Sources */ = {isa = PBXBuildFile; fileRef = 6AFFB8B8217A68B6005B6419 /* AddUserPresenter.swift */; };
		6AFFB8BB217A68EC005B6419 /* UserDetailPresenter.swift in Sources */ = {isa = PBXBuildFile; fileRef = 6AFFB8BA217A68EC005B6419 /* UserDetailPresenter.swift */; };
		6AFFB8BE217A6D0E005B6419 /* Utils.swift in Sources */ = {isa = PBXBuildFile; fileRef = 6AFFB8BD217A6D0E005B6419 /* Utils.swift */; };
/* End PBXBuildFile section */

/* Begin PBXFileReference section */
		6A02F3DA217B802400A42ACC /* UserModelCallback.swift */ = {isa = PBXFileReference; lastKnownFileType = sourcecode.swift; path = UserModelCallback.swift; sourceTree = "<group>"; };
		6AFA6ADA217A2D21005D3883 /* SampleCoreData.app */ = {isa = PBXFileReference; explicitFileType = wrapper.application; includeInIndex = 0; path = SampleCoreData.app; sourceTree = BUILT_PRODUCTS_DIR; };
		6AFA6ADD217A2D21005D3883 /* AppDelegate.swift */ = {isa = PBXFileReference; lastKnownFileType = sourcecode.swift; path = AppDelegate.swift; sourceTree = "<group>"; };
		6AFA6ADF217A2D21005D3883 /* HomeViewController.swift */ = {isa = PBXFileReference; lastKnownFileType = sourcecode.swift; path = HomeViewController.swift; sourceTree = "<group>"; };
		6AFA6AE2217A2D21005D3883 /* Base */ = {isa = PBXFileReference; lastKnownFileType = file.storyboard; name = Base; path = Base.lproj/Main.storyboard; sourceTree = "<group>"; };
		6AFA6AE5217A2D21005D3883 /* SampleCoreData.xcdatamodel */ = {isa = PBXFileReference; lastKnownFileType = wrapper.xcdatamodel; path = SampleCoreData.xcdatamodel; sourceTree = "<group>"; };
		6AFA6AE7217A2D23005D3883 /* Assets.xcassets */ = {isa = PBXFileReference; lastKnownFileType = folder.assetcatalog; path = Assets.xcassets; sourceTree = "<group>"; };
		6AFA6AEA217A2D23005D3883 /* Base */ = {isa = PBXFileReference; lastKnownFileType = file.storyboard; name = Base; path = Base.lproj/LaunchScreen.storyboard; sourceTree = "<group>"; };
		6AFA6AEC217A2D23005D3883 /* Info.plist */ = {isa = PBXFileReference; lastKnownFileType = text.plist.xml; path = Info.plist; sourceTree = "<group>"; };
		6AFA6AF4217A3D21005D3883 /* AddUserViewController.swift */ = {isa = PBXFileReference; lastKnownFileType = sourcecode.swift; path = AddUserViewController.swift; sourceTree = "<group>"; };
		6AFA6AF6217A3D3A005D3883 /* UserDetailViewController.swift */ = {isa = PBXFileReference; lastKnownFileType = sourcecode.swift; path = UserDetailViewController.swift; sourceTree = "<group>"; };
		6AFA6AFD217A3E63005D3883 /* UserTableViewCell.swift */ = {isa = PBXFileReference; lastKnownFileType = sourcecode.swift; path = UserTableViewCell.swift; sourceTree = "<group>"; };
		6AFA6AFE217A3E63005D3883 /* UserTableViewCell.xib */ = {isa = PBXFileReference; lastKnownFileType = file.xib; path = UserTableViewCell.xib; sourceTree = "<group>"; };
		6AFFB8AD217A415E005B6419 /* UserListDataSource.swift */ = {isa = PBXFileReference; lastKnownFileType = sourcecode.swift; path = UserListDataSource.swift; sourceTree = "<group>"; };
		6AFFB8AF217A41AB005B6419 /* UserData.swift */ = {isa = PBXFileReference; lastKnownFileType = sourcecode.swift; path = UserData.swift; sourceTree = "<group>"; };
		6AFFB8B4217A686B005B6419 /* UserModel.swift */ = {isa = PBXFileReference; lastKnownFileType = sourcecode.swift; path = UserModel.swift; sourceTree = "<group>"; };
		6AFFB8B6217A688A005B6419 /* HomePresenter.swift */ = {isa = PBXFileReference; lastKnownFileType = sourcecode.swift; path = HomePresenter.swift; sourceTree = "<group>"; };
		6AFFB8B8217A68B6005B6419 /* AddUserPresenter.swift */ = {isa = PBXFileReference; lastKnownFileType = sourcecode.swift; path = AddUserPresenter.swift; sourceTree = "<group>"; };
		6AFFB8BA217A68EC005B6419 /* UserDetailPresenter.swift */ = {isa = PBXFileReference; lastKnownFileType = sourcecode.swift; path = UserDetailPresenter.swift; sourceTree = "<group>"; };
		6AFFB8BD217A6D0E005B6419 /* Utils.swift */ = {isa = PBXFileReference; lastKnownFileType = sourcecode.swift; path = Utils.swift; sourceTree = "<group>"; };
/* End PBXFileReference section */

/* Begin PBXFrameworksBuildPhase section */
		6AFA6AD7217A2D21005D3883 /* Frameworks */ = {
			isa = PBXFrameworksBuildPhase;
			buildActionMask = 2147483647;
			files = (
			);
			runOnlyForDeploymentPostprocessing = 0;
		};
/* End PBXFrameworksBuildPhase section */

/* Begin PBXGroup section */
		6AFA6AD1217A2D21005D3883 = {
			isa = PBXGroup;
			children = (
				6AFA6ADC217A2D21005D3883 /* SampleCoreData */,
				6AFA6ADB217A2D21005D3883 /* Products */,
			);
			sourceTree = "<group>";
		};
		6AFA6ADB217A2D21005D3883 /* Products */ = {
			isa = PBXGroup;
			children = (
				6AFA6ADA217A2D21005D3883 /* SampleCoreData.app */,
			);
			name = Products;
			sourceTree = "<group>";
		};
		6AFA6ADC217A2D21005D3883 /* SampleCoreData */ = {
			isa = PBXGroup;
			children = (
				6AFFB8BC217A6CFD005B6419 /* Utility */,
				6AFFB8B2217A41EA005B6419 /* Presenters */,
				6AFFB8B1217A41DD005B6419 /* Models */,
				6AFFB8AA217A4108005B6419 /* Datas */,
				6AFA6AF3217A3CD6005D3883 /* Views */,
				6AFA6AF2217A3CC3005D3883 /* ViewControllers */,
				6AFA6ADD217A2D21005D3883 /* AppDelegate.swift */,
				6AFA6AE7217A2D23005D3883 /* Assets.xcassets */,
				6AFA6AEC217A2D23005D3883 /* Info.plist */,
				6AFA6AE4217A2D21005D3883 /* SampleCoreData.xcdatamodeld */,
			);
			path = SampleCoreData;
			sourceTree = "<group>";
		};
		6AFA6AF2217A3CC3005D3883 /* ViewControllers */ = {
			isa = PBXGroup;
			children = (
				6AFA6ADF217A2D21005D3883 /* HomeViewController.swift */,
				6AFA6AF4217A3D21005D3883 /* AddUserViewController.swift */,
				6AFA6AF6217A3D3A005D3883 /* UserDetailViewController.swift */,
			);
			path = ViewControllers;
			sourceTree = "<group>";
		};
		6AFA6AF3217A3CD6005D3883 /* Views */ = {
			isa = PBXGroup;
			children = (
				6AFA6AF9217A3DD8005D3883 /* StoryBoard */,
				6AFA6AF8217A3DCD005D3883 /* ItemCell */,
			);
			path = Views;
			sourceTree = "<group>";
		};
		6AFA6AF8217A3DCD005D3883 /* ItemCell */ = {
			isa = PBXGroup;
			children = (
				6AFA6AFA217A3E0A005D3883 /* user */,
			);
			path = ItemCell;
			sourceTree = "<group>";
		};
		6AFA6AF9217A3DD8005D3883 /* StoryBoard */ = {
			isa = PBXGroup;
			children = (
				6AFA6AE9217A2D23005D3883 /* LaunchScreen.storyboard */,
				6AFA6AE1217A2D21005D3883 /* Main.storyboard */,
			);
			path = StoryBoard;
			sourceTree = "<group>";
		};
		6AFA6AFA217A3E0A005D3883 /* user */ = {
			isa = PBXGroup;
			children = (
				6AFA6AFD217A3E63005D3883 /* UserTableViewCell.swift */,
				6AFA6AFE217A3E63005D3883 /* UserTableViewCell.xib */,
			);
			path = user;
			sourceTree = "<group>";
		};
		6AFFB8AA217A4108005B6419 /* Datas */ = {
			isa = PBXGroup;
			children = (
				6AFFB8AC217A4129005B6419 /* datasources */,
				6AFFB8AB217A4112005B6419 /* structs */,
			);
			path = Datas;
			sourceTree = "<group>";
		};
		6AFFB8AB217A4112005B6419 /* structs */ = {
			isa = PBXGroup;
			children = (
				6AFFB8AF217A41AB005B6419 /* UserData.swift */,
			);
			path = structs;
			sourceTree = "<group>";
		};
		6AFFB8AC217A4129005B6419 /* datasources */ = {
			isa = PBXGroup;
			children = (
				6AFFB8AD217A415E005B6419 /* UserListDataSource.swift */,
			);
			path = datasources;
			sourceTree = "<group>";
		};
		6AFFB8B1217A41DD005B6419 /* Models */ = {
			isa = PBXGroup;
			children = (
				6AFFB8B4217A686B005B6419 /* UserModel.swift */,
				6A02F3DA217B802400A42ACC /* UserModelCallback.swift */,
			);
			path = Models;
			sourceTree = "<group>";
		};
		6AFFB8B2217A41EA005B6419 /* Presenters */ = {
			isa = PBXGroup;
			children = (
				6AFFB8B6217A688A005B6419 /* HomePresenter.swift */,
				6AFFB8B8217A68B6005B6419 /* AddUserPresenter.swift */,
				6AFFB8BA217A68EC005B6419 /* UserDetailPresenter.swift */,
			);
			path = Presenters;
			sourceTree = "<group>";
		};
		6AFFB8BC217A6CFD005B6419 /* Utility */ = {
			isa = PBXGroup;
			children = (
				6AFFB8BD217A6D0E005B6419 /* Utils.swift */,
			);
			path = Utility;
			sourceTree = "<group>";
		};
/* End PBXGroup section */

/* Begin PBXNativeTarget section */
		6AFA6AD9217A2D21005D3883 /* SampleCoreData */ = {
			isa = PBXNativeTarget;
			buildConfigurationList = 6AFA6AEF217A2D23005D3883 /* Build configuration list for PBXNativeTarget "SampleCoreData" */;
			buildPhases = (
				6AFA6AD6217A2D21005D3883 /* Sources */,
				6AFA6AD7217A2D21005D3883 /* Frameworks */,
				6AFA6AD8217A2D21005D3883 /* Resources */,
			);
			buildRules = (
			);
			dependencies = (
			);
			name = SampleCoreData;
			productName = SampleCoreData;
			productReference = 6AFA6ADA217A2D21005D3883 /* SampleCoreData.app */;
			productType = "com.apple.product-type.application";
		};
/* End PBXNativeTarget section */

/* Begin PBXProject section */
		6AFA6AD2217A2D21005D3883 /* Project object */ = {
			isa = PBXProject;
			attributes = {
				LastSwiftUpdateCheck = 0940;
				LastUpgradeCheck = 0940;
				ORGANIZATIONNAME = AcePlus;
				TargetAttributes = {
					6AFA6AD9217A2D21005D3883 = {
						CreatedOnToolsVersion = 9.4.1;
					};
				};
			};
			buildConfigurationList = 6AFA6AD5217A2D21005D3883 /* Build configuration list for PBXProject "SampleCoreData" */;
			compatibilityVersion = "Xcode 9.3";
			developmentRegion = en;
			hasScannedForEncodings = 0;
			knownRegions = (
				en,
				Base,
			);
			mainGroup = 6AFA6AD1217A2D21005D3883;
			productRefGroup = 6AFA6ADB217A2D21005D3883 /* Products */;
			projectDirPath = "";
			projectRoot = "";
			targets = (
				6AFA6AD9217A2D21005D3883 /* SampleCoreData */,
			);
		};
/* End PBXProject section */

/* Begin PBXResourcesBuildPhase section */
		6AFA6AD8217A2D21005D3883 /* Resources */ = {
			isa = PBXResourcesBuildPhase;
			buildActionMask = 2147483647;
			files = (
				6AFA6B00217A3E63005D3883 /* UserTableViewCell.xib in Resources */,
				6AFA6AEB217A2D23005D3883 /* LaunchScreen.storyboard in Resources */,
				6AFA6AE8217A2D23005D3883 /* Assets.xcassets in Resources */,
				6AFA6AE3217A2D21005D3883 /* Main.storyboard in Resources */,
			);
			runOnlyForDeploymentPostprocessing = 0;
		};
/* End PBXResourcesBuildPhase section */

/* Begin PBXSourcesBuildPhase section */
		6AFA6AD6217A2D21005D3883 /* Sources */ = {
			isa = PBXSourcesBuildPhase;
			buildActionMask = 2147483647;
			files = (
				6AFA6AE6217A2D21005D3883 /* SampleCoreData.xcdatamodeld in Sources */,
				6AFA6AF7217A3D3A005D3883 /* UserDetailViewController.swift in Sources */,
				6AFFB8B0217A41AB005B6419 /* UserData.swift in Sources */,
				6A02F3DB217B802400A42ACC /* UserModelCallback.swift in Sources */,
				6AFFB8B7217A688A005B6419 /* HomePresenter.swift in Sources */,
				6AFA6AF5217A3D21005D3883 /* AddUserViewController.swift in Sources */,
				6AFFB8BE217A6D0E005B6419 /* Utils.swift in Sources */,
				6AFA6AE0217A2D21005D3883 /* HomeViewController.swift in Sources */,
				6AFFB8BB217A68EC005B6419 /* UserDetailPresenter.swift in Sources */,
				6AFA6AFF217A3E63005D3883 /* UserTableViewCell.swift in Sources */,
				6AFFB8AE217A415E005B6419 /* UserListDataSource.swift in Sources */,
				6AFFB8B5217A686B005B6419 /* UserModel.swift in Sources */,
				6AFFB8B9217A68B6005B6419 /* AddUserPresenter.swift in Sources */,
				6AFA6ADE217A2D21005D3883 /* AppDelegate.swift in Sources */,
			);
			runOnlyForDeploymentPostprocessing = 0;
		};
/* End PBXSourcesBuildPhase section */

/* Begin PBXVariantGroup section */
		6AFA6AE1217A2D21005D3883 /* Main.storyboard */ = {
			isa = PBXVariantGroup;
			children = (
				6AFA6AE2217A2D21005D3883 /* Base */,
			);
			name = Main.storyboard;
			sourceTree = "<group>";
		};
		6AFA6AE9217A2D23005D3883 /* LaunchScreen.storyboard */ = {
			isa = PBXVariantGroup;
			children = (
				6AFA6AEA217A2D23005D3883 /* Base */,
			);
			name = LaunchScreen.storyboard;
			sourceTree = "<group>";
		};
/* End PBXVariantGroup section */

/* Begin XCBuildConfiguration section */
		6AFA6AED217A2D23005D3883 /* Debug */ = {
			isa = XCBuildConfiguration;
			buildSettings = {
				ALWAYS_SEARCH_USER_PATHS = NO;
				CLANG_ANALYZER_NONNULL = YES;
				CLANG_ANALYZER_NUMBER_OBJECT_CONVERSION = YES_AGGRESSIVE;
				CLANG_CXX_LANGUAGE_STANDARD = "gnu++14";
				CLANG_CXX_LIBRARY = "libc++";
				CLANG_ENABLE_MODULES = YES;
				CLANG_ENABLE_OBJC_ARC = YES;
				CLANG_ENABLE_OBJC_WEAK = YES;
				CLANG_WARN_BLOCK_CAPTURE_AUTORELEASING = YES;
				CLANG_WARN_BOOL_CONVERSION = YES;
				CLANG_WARN_COMMA = YES;
				CLANG_WARN_CONSTANT_CONVERSION = YES;
				CLANG_WARN_DEPRECATED_OBJC_IMPLEMENTATIONS = YES;
				CLANG_WARN_DIRECT_OBJC_ISA_USAGE = YES_ERROR;
				CLANG_WARN_DOCUMENTATION_COMMENTS = YES;
				CLANG_WARN_EMPTY_BODY = YES;
				CLANG_WARN_ENUM_CONVERSION = YES;
				CLANG_WARN_INFINITE_RECURSION = YES;
				CLANG_WARN_INT_CONVERSION = YES;
				CLANG_WARN_NON_LITERAL_NULL_CONVERSION = YES;
				CLANG_WARN_OBJC_IMPLICIT_RETAIN_SELF = YES;
				CLANG_WARN_OBJC_LITERAL_CONVERSION = YES;
				CLANG_WARN_OBJC_ROOT_CLASS = YES_ERROR;
				CLANG_WARN_RANGE_LOOP_ANALYSIS = YES;
				CLANG_WARN_STRICT_PROTOTYPES = YES;
				CLANG_WARN_SUSPICIOUS_MOVE = YES;
				CLANG_WARN_UNGUARDED_AVAILABILITY = YES_AGGRESSIVE;
				CLANG_WARN_UNREACHABLE_CODE = YES;
				CLANG_WARN__DUPLICATE_METHOD_MATCH = YES;
				CODE_SIGN_IDENTITY = "iPhone Developer";
				COPY_PHASE_STRIP = NO;
				DEBUG_INFORMATION_FORMAT = dwarf;
				ENABLE_STRICT_OBJC_MSGSEND = YES;
				ENABLE_TESTABILITY = YES;
				GCC_C_LANGUAGE_STANDARD = gnu11;
				GCC_DYNAMIC_NO_PIC = NO;
				GCC_NO_COMMON_BLOCKS = YES;
				GCC_OPTIMIZATION_LEVEL = 0;
				GCC_PREPROCESSOR_DEFINITIONS = (
					"DEBUG=1",
					"$(inherited)",
				);
				GCC_WARN_64_TO_32_BIT_CONVERSION = YES;
				GCC_WARN_ABOUT_RETURN_TYPE = YES_ERROR;
				GCC_WARN_UNDECLARED_SELECTOR = YES;
				GCC_WARN_UNINITIALIZED_AUTOS = YES_AGGRESSIVE;
				GCC_WARN_UNUSED_FUNCTION = YES;
				GCC_WARN_UNUSED_VARIABLE = YES;
				IPHONEOS_DEPLOYMENT_TARGET = 11.4;
				MTL_ENABLE_DEBUG_INFO = YES;
				ONLY_ACTIVE_ARCH = YES;
				SDKROOT = iphoneos;
				SWIFT_ACTIVE_COMPILATION_CONDITIONS = DEBUG;
				SWIFT_OPTIMIZATION_LEVEL = "-Onone";
			};
			name = Debug;
		};
		6AFA6AEE217A2D23005D3883 /* Release */ = {
			isa = XCBuildConfiguration;
			buildSettings = {
				ALWAYS_SEARCH_USER_PATHS = NO;
				CLANG_ANALYZER_NONNULL = YES;
				CLANG_ANALYZER_NUMBER_OBJECT_CONVERSION = YES_AGGRESSIVE;
				CLANG_CXX_LANGUAGE_STANDARD = "gnu++14";
				CLANG_CXX_LIBRARY = "libc++";
				CLANG_ENABLE_MODULES = YES;
				CLANG_ENABLE_OBJC_ARC = YES;
				CLANG_ENABLE_OBJC_WEAK = YES;
				CLANG_WARN_BLOCK_CAPTURE_AUTORELEASING = YES;
				CLANG_WARN_BOOL_CONVERSION = YES;
				CLANG_WARN_COMMA = YES;
				CLANG_WARN_CONSTANT_CONVERSION = YES;
				CLANG_WARN_DEPRECATED_OBJC_IMPLEMENTATIONS = YES;
				CLANG_WARN_DIRECT_OBJC_ISA_USAGE = YES_ERROR;
				CLANG_WARN_DOCUMENTATION_COMMENTS = YES;
				CLANG_WARN_EMPTY_BODY = YES;
				CLANG_WARN_ENUM_CONVERSION = YES;
				CLANG_WARN_INFINITE_RECURSION = YES;
				CLANG_WARN_INT_CONVERSION = YES;
				CLANG_WARN_NON_LITERAL_NULL_CONVERSION = YES;
				CLANG_WARN_OBJC_IMPLICIT_RETAIN_SELF = YES;
				CLANG_WARN_OBJC_LITERAL_CONVERSION = YES;
				CLANG_WARN_OBJC_ROOT_CLASS = YES_ERROR;
				CLANG_WARN_RANGE_LOOP_ANALYSIS = YES;
				CLANG_WARN_STRICT_PROTOTYPES = YES;
				CLANG_WARN_SUSPICIOUS_MOVE = YES;
				CLANG_WARN_UNGUARDED_AVAILABILITY = YES_AGGRESSIVE;
				CLANG_WARN_UNREACHABLE_CODE = YES;
				CLANG_WARN__DUPLICATE_METHOD_MATCH = YES;
				CODE_SIGN_IDENTITY = "iPhone Developer";
				COPY_PHASE_STRIP = NO;
				DEBUG_INFORMATION_FORMAT = "dwarf-with-dsym";
				ENABLE_NS_ASSERTIONS = NO;
				ENABLE_STRICT_OBJC_MSGSEND = YES;
				GCC_C_LANGUAGE_STANDARD = gnu11;
				GCC_NO_COMMON_BLOCKS = YES;
				GCC_WARN_64_TO_32_BIT_CONVERSION = YES;
				GCC_WARN_ABOUT_RETURN_TYPE = YES_ERROR;
				GCC_WARN_UNDECLARED_SELECTOR = YES;
				GCC_WARN_UNINITIALIZED_AUTOS = YES_AGGRESSIVE;
				GCC_WARN_UNUSED_FUNCTION = YES;
				GCC_WARN_UNUSED_VARIABLE = YES;
				IPHONEOS_DEPLOYMENT_TARGET = 11.4;
				MTL_ENABLE_DEBUG_INFO = NO;
				SDKROOT = iphoneos;
				SWIFT_COMPILATION_MODE = wholemodule;
				SWIFT_OPTIMIZATION_LEVEL = "-O";
				VALIDATE_PRODUCT = YES;
			};
			name = Release;
		};
		6AFA6AF0217A2D23005D3883 /* Debug */ = {
			isa = XCBuildConfiguration;
			buildSettings = {
				ASSETCATALOG_COMPILER_APPICON_NAME = AppIcon;
				CODE_SIGN_STYLE = Automatic;
				INFOPLIST_FILE = SampleCoreData/Info.plist;
				LD_RUNPATH_SEARCH_PATHS = (
					"$(inherited)",
					"@executable_path/Frameworks",
				);
				PRODUCT_BUNDLE_IDENTIFIER = com.aceplus.SampleCoreData;
				PRODUCT_NAME = "$(TARGET_NAME)";
				SWIFT_VERSION = 4.0;
				TARGETED_DEVICE_FAMILY = "1,2";
			};
			name = Debug;
		};
		6AFA6AF1217A2D23005D3883 /* Release */ = {
			isa = XCBuildConfiguration;
			buildSettings = {
				ASSETCATALOG_COMPILER_APPICON_NAME = AppIcon;
				CODE_SIGN_STYLE = Automatic;
				INFOPLIST_FILE = SampleCoreData/Info.plist;
				LD_RUNPATH_SEARCH_PATHS = (
					"$(inherited)",
					"@executable_path/Frameworks",
				);
				PRODUCT_BUNDLE_IDENTIFIER = com.aceplus.SampleCoreData;
				PRODUCT_NAME = "$(TARGET_NAME)";
				SWIFT_VERSION = 4.0;
				TARGETED_DEVICE_FAMILY = "1,2";
			};
			name = Release;
		};
/* End XCBuildConfiguration section */

/* Begin XCConfigurationList section */
		6AFA6AD5217A2D21005D3883 /* Build configuration list for PBXProject "SampleCoreData" */ = {
			isa = XCConfigurationList;
			buildConfigurations = (
				6AFA6AED217A2D23005D3883 /* Debug */,
				6AFA6AEE217A2D23005D3883 /* Release */,
			);
			defaultConfigurationIsVisible = 0;
			defaultConfigurationName = Release;
		};
		6AFA6AEF217A2D23005D3883 /* Build configuration list for PBXNativeTarget "SampleCoreData" */ = {
			isa = XCConfigurationList;
			buildConfigurations = (
				6AFA6AF0217A2D23005D3883 /* Debug */,
				6AFA6AF1217A2D23005D3883 /* Release */,
			);
			defaultConfigurationIsVisible = 0;
			defaultConfigurationName = Release;
		};
/* End XCConfigurationList section */

/* Begin XCVersionGroup section */
		6AFA6AE4217A2D21005D3883 /* SampleCoreData.xcdatamodeld */ = {
			isa = XCVersionGroup;
			children = (
				6AFA6AE5217A2D21005D3883 /* SampleCoreData.xcdatamodel */,
			);
			currentVersion = 6AFA6AE5217A2D21005D3883 /* SampleCoreData.xcdatamodel */;
			path = SampleCoreData.xcdatamodeld;
			sourceTree = "<group>";
			versionGroupType = wrapper.xcdatamodel;
		};
/* End XCVersionGroup section */
	};
	rootObject = 6AFA6AD2217A2D21005D3883 /* Project object */;
}
